
Microsoft Visual Studio Solution File, Format Version 12.00
# Visual Studio Version 16
VisualStudioVersion = 16.0.34301.259
MinimumVisualStudioVersion = 10.0.40219.1
Project("{2150E333-8FDC-42A3-9474-1A3956D46DE8}") = "Project.V2", "Project.V2", "{166F84E2-2E7E-41F8-A5D6-652A3C8C9927}"
EndProject
Project("{FAE04EC0-301F-11D3-BF4B-00C04F79EFBC}") = "Tyuiu.KulakovEE.Sprint7.Project.V2.Lib", "Tyuiu.KulakovEE.Sprint7.Project.V2.Lib\Tyuiu.KulakovEE.Sprint7.Project.V2.Lib.csproj", "{4E821C29-623C-42FD-BB02-266F2C3EF10E}"
EndProject
Project("{FAE04EC0-301F-11D3-BF4B-00C04F79EFBC}") = "Tyuiu.KulakovEE.Sprint7.Project.V2.Test", "Tyuiu.KulakovEE.Sprint7.Project.V2.Test\Tyuiu.KulakovEE.Sprint7.Project.V2.Test.csproj", "{4EC09B0D-D661-4CC9-A715-6C8984D49339}"
EndProject
Project("{FAE04EC0-301F-11D3-BF4B-00C04F79EFBC}") = "Tyuiu.KulakovEE.Sprint7.Project.V2", "Tyuiu.KulakovEE.Sprint7.Project.V2\Tyuiu.KulakovEE.Sprint7.Project.V2.csproj", "{4B1BAD4A-2E44-4016-A31C-6ACFE8B4A64C}"
EndProject
Global
	GlobalSection(SolutionConfigurationPlatforms) = preSolution
		Debug|Any CPU = Debug|Any CPU
		Release|Any CPU = Release|Any CPU
	EndGlobalSection
	GlobalSection(ProjectConfigurationPlatforms) = postSolution
		{4E821C29-623C-42FD-BB02-266F2C3EF10E}.Debug|Any CPU.ActiveCfg = Debug|Any CPU
		{4E821C29-623C-42FD-BB02-266F2C3EF10E}.Debug|Any CPU.Build.0 = Debug|Any CPU
		{4E821C29-623C-42FD-BB02-266F2C3EF10E}.Release|Any CPU.ActiveCfg = Release|Any CPU
		{4E821C29-623C-42FD-BB02-266F2C3EF10E}.Release|Any CPU.Build.0 = Release|Any CPU
		{4EC09B0D-D661-4CC9-A715-6C8984D49339}.Debug|Any CPU.ActiveCfg = Debug|Any CPU
		{4EC09B0D-D661-4CC9-A715-6C8984D49339}.Debug|Any CPU.Build.0 = Debug|Any CPU
		{4EC09B0D-D661-4CC9-A715-6C8984D49339}.Release|Any CPU.ActiveCfg = Release|Any CPU
		{4EC09B0D-D661-4CC9-A715-6C8984D49339}.Release|Any CPU.Build.0 = Release|Any CPU
		{4B1BAD4A-2E44-4016-A31C-6ACFE8B4A64C}.Debug|Any CPU.ActiveCfg = Debug|Any CPU
		{4B1BAD4A-2E44-4016-A31C-6ACFE8B4A64C}.Debug|Any CPU.Build.0 = Debug|Any CPU
		{4B1BAD4A-2E44-4016-A31C-6ACFE8B4A64C}.Release|Any CPU.ActiveCfg = Release|Any CPU
		{4B1BAD4A-2E44-4016-A31C-6ACFE8B4A64C}.Release|Any CPU.Build.0 = Release|Any CPU
	EndGlobalSection
	GlobalSection(SolutionProperties) = preSolution
		HideSolutionNode = FALSE
	EndGlobalSection
	GlobalSection(NestedProjects) = preSolution
		{4E821C29-623C-42FD-BB02-266F2C3EF10E} = {166F84E2-2E7E-41F8-A5D6-652A3C8C9927}
		{4EC09B0D-D661-4CC9-A715-6C8984D49339} = {166F84E2-2E7E-41F8-A5D6-652A3C8C9927}
		{4B1BAD4A-2E44-4016-A31C-6ACFE8B4A64C} = {166F84E2-2E7E-41F8-A5D6-652A3C8C9927}
	EndGlobalSection
	GlobalSection(ExtensibilityGlobals) = postSolution
		SolutionGuid = {AF3116DC-5724-41DD-B2F7-1700E04F1742}
	EndGlobalSection
EndGlobal
